PODS:
  - CRuby (0.1.0)

DEPENDENCIES:
  - CRuby (from `https://github.com/xord/cruby`)

EXTERNAL SOURCES:
  CRuby:
    :git: https://github.com/xord/cruby

CHECKOUT OPTIONS:
  CRuby:
    :commit: f635d3eabddf55b5440b0344a9f73d448f519d2a
    :git: https://github.com/xord/cruby

SPEC CHECKSUMS:
  CRuby: 1ac1262b42a9b1ad057aef42a55af589fcfbec68

COCOAPODS: 0.35.0
